
Microsoft Visual Studio Solution File, Format Version 12.00
# Visual Studio 15
VisualStudioVersion = 15.0.28307.1267
MinimumVisualStudioVersion = 10.0.40219.1
Project("{FAE04EC0-301F-11D3-BF4B-00C04F79EFBC}") = "BwInf 39.1.3 Tobi Turnier", "BwInf 39.1.3 Tobi Turnier\BwInf 39.1.3 Tobi Turnier.csproj", "{E07CA9C1-7AF2-4379-8119-1EFE4221EF1C}"
EndProject
Global
	GlobalSection(SolutionConfigurationPlatforms) = preSolution
		Debug|Any CPU = Debug|Any CPU
		Release|Any CPU = Release|Any CPU
	EndGlobalSection
	GlobalSection(ProjectConfigurationPlatforms) = postSolution
		{E07CA9C1-7AF2-4379-8119-1EFE4221EF1C}.Debug|Any CPU.ActiveCfg = Debug|Any CPU
		{E07CA9C1-7AF2-4379-8119-1EFE4221EF1C}.Debug|Any CPU.Build.0 = Debug|Any CPU
		{E07CA9C1-7AF2-4379-8119-1EFE4221EF1C}.Release|Any CPU.ActiveCfg = Release|Any CPU
		{E07CA9C1-7AF2-4379-8119-1EFE4221EF1C}.Release|Any CPU.Build.0 = Release|Any CPU
	EndGlobalSection
	GlobalSection(SolutionProperties) = preSolution
		HideSolutionNode = FALSE
	EndGlobalSection
	GlobalSection(ExtensibilityGlobals) = postSolution
		SolutionGuid = {81369C14-7540-4697-88C9-F78D170AEE5B}
	EndGlobalSection
EndGlobal
